
Microsoft Visual Studio Solution File, Format Version 12.00
# Visual Studio 14
VisualStudioVersion = 14.0.25420.1
MinimumVisualStudioVersion = 10.0.40219.1
Project("{2150E333-8FDC-42A3-9474-1A3956D46DE8}") = "plugins", "plugins", "{B66F8BA6-1512-4B37-B66B-798E330CA554}"
EndProject
Project("{2150E333-8FDC-42A3-9474-1A3956D46DE8}") = "third_party", "third_party", "{9E0EC5C0-BC2E-43C0-8125-98124315CA07}"
EndProject
Project("{8BC9CEB8-8B4A-11D0-8D11-00A0C91BC942}") = "amo", "third_party\amo\amo.vcxproj", "{34B0C0AE-49AB-40E3-9240-64C12AB63421}"
EndProject
Project("{8BC9CEB8-8B4A-11D0-8D11-00A0C91BC942}") = "DuiLib", "third_party\DuiLib\DuiLib.vcxproj", "{E106ACD7-4E53-4AEE-942B-D0DD426DB34E}"
EndProject
Project("{8BC9CEB8-8B4A-11D0-8D11-00A0C91BC942}") = "libNCUI", "libNCUI\libNCUI.vcxproj", "{AA9B7D1A-C7A0-4D9C-BEFA-8F8BD56F5BA5}"
EndProject
Project("{8BC9CEB8-8B4A-11D0-8D11-00A0C91BC942}") = "NCUI-DEV", "NCUI-DEV\NCUI-DEV.vcxproj", "{51AEFC5D-2B61-4F8A-856C-0C8C8311667E}"
EndProject
Project("{8BC9CEB8-8B4A-11D0-8D11-00A0C91BC942}") = "NCUI", "NCUI\NCUI.vcxproj", "{D3868787-82A5-43CA-B92C-ACFEF07EFF7C}"
EndProject
Project("{8BC9CEB8-8B4A-11D0-8D11-00A0C91BC942}") = "node_runner", "node_runner\node_runner.vcxproj", "{12E4DA8E-24F1-4F3D-B02D-E77D201DDC60}"
EndProject
Project("{8BC9CEB8-8B4A-11D0-8D11-00A0C91BC942}") = "startup", "startup\startup.vcxproj", "{77A9386A-C628-4451-BA14-CB102F63B953}"
EndProject
Project("{8BC9CEB8-8B4A-11D0-8D11-00A0C91BC942}") = "ncui", "plugins\ncui.vcxproj", "{04C23527-8C1D-40D5-A9DB-E1A34BE62252}"
EndProject
Project("{2150E333-8FDC-42A3-9474-1A3956D46DE8}") = "nodeDebugPlugins", "nodeDebugPlugins", "{E53D3677-D6F9-424B-9881-D16984B1712F}"
EndProject
Project("{8BC9CEB8-8B4A-11D0-8D11-00A0C91BC942}") = "libResource", "libResource\libResource.vcxproj", "{48E17CE6-78C7-4281-B4FD-DE3FC46F9BD1}"
EndProject
Project("{2150E333-8FDC-42A3-9474-1A3956D46DE8}") = "examples", "examples", "{BC06B65B-B9C2-4E58-B5A6-4AC13E695904}"
EndProject
Project("{2150E333-8FDC-42A3-9474-1A3956D46DE8}") = "renderer_modules", "renderer_modules", "{BCF36C9A-1ED9-4FC7-8861-0DCF76229051}"
EndProject
Project("{8BC9CEB8-8B4A-11D0-8D11-00A0C91BC942}") = "ncui-dev", "plugins\build\ncui-dev.vcxproj", "{5E365D9B-518F-9DBD-1BF2-E5C1E2843AE0}"
EndProject
Project("{2150E333-8FDC-42A3-9474-1A3956D46DE8}") = "browser_modules", "browser_modules", "{6BBDEB8D-1878-43C1-B96E-06A713FF1A6F}"
EndProject
Project("{8BC9CEB8-8B4A-11D0-8D11-00A0C91BC942}") = "libTaskTest", "browser_modules\libTaskTest\libTaskTest.vcxproj", "{90480D13-436F-48E4-945D-D383ADF87B57}"
EndProject
Project("{8BC9CEB8-8B4A-11D0-8D11-00A0C91BC942}") = "libsExt", "renderer_modules\libsExt\libsExt.vcxproj", "{77ED04FC-105D-48DA-9E24-345C8BE988F4}"
EndProject
Project("{8BC9CEB8-8B4A-11D0-8D11-00A0C91BC942}") = "libExt", "renderer_modules\libExt\libExt.vcxproj", "{B6EE41E8-6269-4BE3-AEDC-68625F5F5881}"
EndProject
Global
	GlobalSection(SolutionConfigurationPlatforms) = preSolution
		Debug|x64 = Debug|x64
		Debug|x86 = Debug|x86
		Release|x64 = Release|x64
		Release|x86 = Release|x86
	EndGlobalSection
	GlobalSection(ProjectConfigurationPlatforms) = postSolution
		{34B0C0AE-49AB-40E3-9240-64C12AB63421}.Debug|x64.ActiveCfg = Debug|Win32
		{34B0C0AE-49AB-40E3-9240-64C12AB63421}.Debug|x86.ActiveCfg = Debug|Win32
		{34B0C0AE-49AB-40E3-9240-64C12AB63421}.Debug|x86.Build.0 = Debug|Win32
		{34B0C0AE-49AB-40E3-9240-64C12AB63421}.Release|x64.ActiveCfg = Release|Win32
		{34B0C0AE-49AB-40E3-9240-64C12AB63421}.Release|x86.ActiveCfg = Release|Win32
		{34B0C0AE-49AB-40E3-9240-64C12AB63421}.Release|x86.Build.0 = Release|Win32
		{E106ACD7-4E53-4AEE-942B-D0DD426DB34E}.Debug|x64.ActiveCfg = Debug|Win32
		{E106ACD7-4E53-4AEE-942B-D0DD426DB34E}.Debug|x86.ActiveCfg = Debug|Win32
		{E106ACD7-4E53-4AEE-942B-D0DD426DB34E}.Debug|x86.Build.0 = Debug|Win32
		{E106ACD7-4E53-4AEE-942B-D0DD426DB34E}.Release|x64.ActiveCfg = Release|Win32
		{E106ACD7-4E53-4AEE-942B-D0DD426DB34E}.Release|x86.ActiveCfg = Release|Win32
		{E106ACD7-4E53-4AEE-942B-D0DD426DB34E}.Release|x86.Build.0 = Release|Win32
		{AA9B7D1A-C7A0-4D9C-BEFA-8F8BD56F5BA5}.Debug|x64.ActiveCfg = Debug|Win32
		{AA9B7D1A-C7A0-4D9C-BEFA-8F8BD56F5BA5}.Debug|x86.ActiveCfg = Debug|Win32
		{AA9B7D1A-C7A0-4D9C-BEFA-8F8BD56F5BA5}.Debug|x86.Build.0 = Debug|Win32
		{AA9B7D1A-C7A0-4D9C-BEFA-8F8BD56F5BA5}.Release|x64.ActiveCfg = Release|Win32
		{AA9B7D1A-C7A0-4D9C-BEFA-8F8BD56F5BA5}.Release|x86.ActiveCfg = Release|Win32
		{AA9B7D1A-C7A0-4D9C-BEFA-8F8BD56F5BA5}.Release|x86.Build.0 = Release|Win32
		{51AEFC5D-2B61-4F8A-856C-0C8C8311667E}.Debug|x64.ActiveCfg = Debug|Win32
		{51AEFC5D-2B61-4F8A-856C-0C8C8311667E}.Debug|x86.ActiveCfg = Debug|Win32
		{51AEFC5D-2B61-4F8A-856C-0C8C8311667E}.Debug|x86.Build.0 = Debug|Win32
		{51AEFC5D-2B61-4F8A-856C-0C8C8311667E}.Release|x64.ActiveCfg = Release|Win32
		{51AEFC5D-2B61-4F8A-856C-0C8C8311667E}.Release|x86.ActiveCfg = Release|Win32
		{51AEFC5D-2B61-4F8A-856C-0C8C8311667E}.Release|x86.Build.0 = Release|Win32
		{D3868787-82A5-43CA-B92C-ACFEF07EFF7C}.Debug|x64.ActiveCfg = Debug|Win32
		{D3868787-82A5-43CA-B92C-ACFEF07EFF7C}.Debug|x86.ActiveCfg = Debug|Win32
		{D3868787-82A5-43CA-B92C-ACFEF07EFF7C}.Debug|x86.Build.0 = Debug|Win32
		{D3868787-82A5-43CA-B92C-ACFEF07EFF7C}.Release|x64.ActiveCfg = Release|Win32
		{D3868787-82A5-43CA-B92C-ACFEF07EFF7C}.Release|x86.ActiveCfg = Release|Win32
		{D3868787-82A5-43CA-B92C-ACFEF07EFF7C}.Release|x86.Build.0 = Release|Win32
		{12E4DA8E-24F1-4F3D-B02D-E77D201DDC60}.Debug|x64.ActiveCfg = Debug|Win32
		{12E4DA8E-24F1-4F3D-B02D-E77D201DDC60}.Debug|x86.ActiveCfg = Debug|Win32
		{12E4DA8E-24F1-4F3D-B02D-E77D201DDC60}.Debug|x86.Build.0 = Debug|Win32
		{12E4DA8E-24F1-4F3D-B02D-E77D201DDC60}.Release|x64.ActiveCfg = Release|Win32
		{12E4DA8E-24F1-4F3D-B02D-E77D201DDC60}.Release|x86.ActiveCfg = Release|Win32
		{12E4DA8E-24F1-4F3D-B02D-E77D201DDC60}.Release|x86.Build.0 = Release|Win32
		{77A9386A-C628-4451-BA14-CB102F63B953}.Debug|x64.ActiveCfg = Debug|Win32
		{77A9386A-C628-4451-BA14-CB102F63B953}.Debug|x86.ActiveCfg = Debug|Win32
		{77A9386A-C628-4451-BA14-CB102F63B953}.Debug|x86.Build.0 = Debug|Win32
		{77A9386A-C628-4451-BA14-CB102F63B953}.Release|x64.ActiveCfg = Release|Win32
		{77A9386A-C628-4451-BA14-CB102F63B953}.Release|x86.ActiveCfg = Release|Win32
		{77A9386A-C628-4451-BA14-CB102F63B953}.Release|x86.Build.0 = Release|Win32
		{04C23527-8C1D-40D5-A9DB-E1A34BE62252}.Debug|x64.ActiveCfg = Debug|Win32
		{04C23527-8C1D-40D5-A9DB-E1A34BE62252}.Debug|x86.ActiveCfg = Debug|Win32
		{04C23527-8C1D-40D5-A9DB-E1A34BE62252}.Debug|x86.Build.0 = Debug|Win32
		{04C23527-8C1D-40D5-A9DB-E1A34BE62252}.Release|x64.ActiveCfg = Release|Win32
		{04C23527-8C1D-40D5-A9DB-E1A34BE62252}.Release|x86.ActiveCfg = Release|Win32
		{04C23527-8C1D-40D5-A9DB-E1A34BE62252}.Release|x86.Build.0 = Release|Win32
		{48E17CE6-78C7-4281-B4FD-DE3FC46F9BD1}.Debug|x64.ActiveCfg = Debug|x64
		{48E17CE6-78C7-4281-B4FD-DE3FC46F9BD1}.Debug|x64.Build.0 = Debug|x64
		{48E17CE6-78C7-4281-B4FD-DE3FC46F9BD1}.Debug|x86.ActiveCfg = Debug|Win32
		{48E17CE6-78C7-4281-B4FD-DE3FC46F9BD1}.Debug|x86.Build.0 = Debug|Win32
		{48E17CE6-78C7-4281-B4FD-DE3FC46F9BD1}.Release|x64.ActiveCfg = Release|x64
		{48E17CE6-78C7-4281-B4FD-DE3FC46F9BD1}.Release|x64.Build.0 = Release|x64
		{48E17CE6-78C7-4281-B4FD-DE3FC46F9BD1}.Release|x86.ActiveCfg = Release|Win32
		{48E17CE6-78C7-4281-B4FD-DE3FC46F9BD1}.Release|x86.Build.0 = Release|Win32
		{5E365D9B-518F-9DBD-1BF2-E5C1E2843AE0}.Debug|x64.ActiveCfg = Debug|Win32
		{5E365D9B-518F-9DBD-1BF2-E5C1E2843AE0}.Debug|x86.ActiveCfg = Debug|Win32
		{5E365D9B-518F-9DBD-1BF2-E5C1E2843AE0}.Debug|x86.Build.0 = Debug|Win32
		{5E365D9B-518F-9DBD-1BF2-E5C1E2843AE0}.Release|x64.ActiveCfg = Release|Win32
		{5E365D9B-518F-9DBD-1BF2-E5C1E2843AE0}.Release|x86.ActiveCfg = Release|Win32
		{5E365D9B-518F-9DBD-1BF2-E5C1E2843AE0}.Release|x86.Build.0 = Release|Win32
		{90480D13-436F-48E4-945D-D383ADF87B57}.Debug|x64.ActiveCfg = Debug|x64
		{90480D13-436F-48E4-945D-D383ADF87B57}.Debug|x64.Build.0 = Debug|x64
		{90480D13-436F-48E4-945D-D383ADF87B57}.Debug|x86.ActiveCfg = Debug|Win32
		{90480D13-436F-48E4-945D-D383ADF87B57}.Debug|x86.Build.0 = Debug|Win32
		{90480D13-436F-48E4-945D-D383ADF87B57}.Release|x64.ActiveCfg = Release|x64
		{90480D13-436F-48E4-945D-D383ADF87B57}.Release|x64.Build.0 = Release|x64
		{90480D13-436F-48E4-945D-D383ADF87B57}.Release|x86.ActiveCfg = Release|Win32
		{90480D13-436F-48E4-945D-D383ADF87B57}.Release|x86.Build.0 = Release|Win32
		{77ED04FC-105D-48DA-9E24-345C8BE988F4}.Debug|x64.ActiveCfg = Debug|Win32
		{77ED04FC-105D-48DA-9E24-345C8BE988F4}.Debug|x86.ActiveCfg = Debug|Win32
		{77ED04FC-105D-48DA-9E24-345C8BE988F4}.Debug|x86.Build.0 = Debug|Win32
		{77ED04FC-105D-48DA-9E24-345C8BE988F4}.Release|x64.ActiveCfg = Release|Win32
		{77ED04FC-105D-48DA-9E24-345C8BE988F4}.Release|x86.ActiveCfg = Release|Win32
		{77ED04FC-105D-48DA-9E24-345C8BE988F4}.Release|x86.Build.0 = Release|Win32
		{B6EE41E8-6269-4BE3-AEDC-68625F5F5881}.Debug|x64.ActiveCfg = Debug|Win32
		{B6EE41E8-6269-4BE3-AEDC-68625F5F5881}.Debug|x86.ActiveCfg = Debug|Win32
		{B6EE41E8-6269-4BE3-AEDC-68625F5F5881}.Debug|x86.Build.0 = Debug|Win32
		{B6EE41E8-6269-4BE3-AEDC-68625F5F5881}.Release|x64.ActiveCfg = Release|Win32
		{B6EE41E8-6269-4BE3-AEDC-68625F5F5881}.Release|x86.ActiveCfg = Release|Win32
		{B6EE41E8-6269-4BE3-AEDC-68625F5F5881}.Release|x86.Build.0 = Release|Win32
	EndGlobalSection
	GlobalSection(SolutionProperties) = preSolution
		HideSolutionNode = FALSE
	EndGlobalSection
	GlobalSection(NestedProjects) = preSolution
		{34B0C0AE-49AB-40E3-9240-64C12AB63421} = {9E0EC5C0-BC2E-43C0-8125-98124315CA07}
		{E106ACD7-4E53-4AEE-942B-D0DD426DB34E} = {9E0EC5C0-BC2E-43C0-8125-98124315CA07}
		{04C23527-8C1D-40D5-A9DB-E1A34BE62252} = {B66F8BA6-1512-4B37-B66B-798E330CA554}
		{E53D3677-D6F9-424B-9881-D16984B1712F} = {B66F8BA6-1512-4B37-B66B-798E330CA554}
		{48E17CE6-78C7-4281-B4FD-DE3FC46F9BD1} = {BC06B65B-B9C2-4E58-B5A6-4AC13E695904}
		{5E365D9B-518F-9DBD-1BF2-E5C1E2843AE0} = {E53D3677-D6F9-424B-9881-D16984B1712F}
		{90480D13-436F-48E4-945D-D383ADF87B57} = {6BBDEB8D-1878-43C1-B96E-06A713FF1A6F}
		{77ED04FC-105D-48DA-9E24-345C8BE988F4} = {BCF36C9A-1ED9-4FC7-8861-0DCF76229051}
		{B6EE41E8-6269-4BE3-AEDC-68625F5F5881} = {BCF36C9A-1ED9-4FC7-8861-0DCF76229051}
	EndGlobalSection
EndGlobal
