<?xml version="1.0" encoding="utf-8"?>
<Project ToolsVersion="4.0" xmlns="http://schemas.microsoft.com/developer/msbuild/2003">
  <ItemGroup>
    <Filter Include="源文件">
      <UniqueIdentifier>{4FC737F1-C7A5-4376-A066-2A32D752A2FF}</UniqueIdentifier>
      <Extensions>cpp;c;cc;cxx;def;odl;idl;hpj;bat;asm;asmx</Extensions>
    </Filter>
    <Filter Include="头文件">
      <UniqueIdentifier>{93995380-89BD-4b04-88EB-625FBE52EBFB}</UniqueIdentifier>
      <Extensions>h;hh;hpp;hxx;hm;inl;inc;xsd</Extensions>
    </Filter>
    <Filter Include="资源文件">
      <UniqueIdentifier>{67DA6AB6-F800-4c08-8B7A-83BB121AAD01}</UniqueIdentifier>
      <Extensions>rc;ico;cur;bmp;dlg;rc2;rct;bin;rgs;gif;jpg;jpeg;jpe;resx;tiff;tif;png;wav;mfcribbon-ms</Extensions>
    </Filter>
    <Filter Include="sqlite">
      <UniqueIdentifier>{ac703cb0-9123-4581-892b-f7d8ec88b115}</UniqueIdentifier>
    </Filter>
    <Filter Include="sqlite\src">
      <UniqueIdentifier>{8abc415c-c9e0-4a40-81ee-d96728490167}</UniqueIdentifier>
    </Filter>
    <Filter Include="transfer">
      <UniqueIdentifier>{27db009b-c4ee-4ce5-b3a1-a01fb95f719c}</UniqueIdentifier>
    </Filter>
    <Filter Include="rcedit">
      <UniqueIdentifier>{b30bb1e8-18ea-4dcd-8ba6-17fb4d715601}</UniqueIdentifier>
    </Filter>
  </ItemGroup>
  <ItemGroup>
    <Text Include="ReadMe.txt" />
  </ItemGroup>
  <ItemGroup>
    <ClInclude Include="stdafx.h">
      <Filter>头文件</Filter>
    </ClInclude>
    <ClInclude Include="targetver.h">
      <Filter>头文件</Filter>
    </ClInclude>
    <ClInclude Include="sqlite\SqliteTransfer.h">
      <Filter>sqlite</Filter>
    </ClInclude>
    <ClInclude Include="sqlite\src\sqlite3pp.h">
      <Filter>sqlite\src</Filter>
    </ClInclude>
    <ClInclude Include="sqlite\src\sqlite3ppext.h">
      <Filter>sqlite\src</Filter>
    </ClInclude>
    <ClInclude Include="transfer\UUIDTransfer.h">
      <Filter>transfer</Filter>
    </ClInclude>
    <ClInclude Include="rcedit\RceditTransfer.h">
      <Filter>rcedit</Filter>
    </ClInclude>
    <ClInclude Include="rcedit\ResourceUpdater.h">
      <Filter>rcedit</Filter>
    </ClInclude>
    <ClInclude Include="sqlite\SqlMessageEmitter.hpp">
      <Filter>sqlite</Filter>
    </ClInclude>
    <ClInclude Include="transfer\DemoTransfer.h">
      <Filter>transfer</Filter>
    </ClInclude>
    <ClInclude Include="transfer\FileTransfer.hpp">
      <Filter>transfer</Filter>
    </ClInclude>
    <ClInclude Include="transfer\Base64Transfer.h">
      <Filter>transfer</Filter>
    </ClInclude>
    <ClInclude Include="transfer\MD5Transfer.h">
      <Filter>transfer</Filter>
    </ClInclude>
    <ClInclude Include="transfer\PathTransfer.h">
      <Filter>transfer</Filter>
    </ClInclude>
    <ClInclude Include="transfer\InterProcessTransfer.h">
      <Filter>transfer</Filter>
    </ClInclude>
    <ClInclude Include="transfer\ProcessTransfer.h">
      <Filter>transfer</Filter>
    </ClInclude>
    <ClInclude Include="transfer\RegistryTransfer.h">
      <Filter>transfer</Filter>
    </ClInclude>
    <ClInclude Include="rcedit\BinResourceUpdater.h">
      <Filter>rcedit</Filter>
    </ClInclude>
  </ItemGroup>
  <ItemGroup>
    <ClCompile Include="stdafx.cpp">
      <Filter>源文件</Filter>
    </ClCompile>
    <ClCompile Include="sqlite\SqliteTransfer.cpp">
      <Filter>sqlite</Filter>
    </ClCompile>
    <ClCompile Include="sqlite\src\sqlite3pp.cpp">
      <Filter>sqlite\src</Filter>
    </ClCompile>
    <ClCompile Include="sqlite\src\sqlite3ppext.cpp">
      <Filter>sqlite\src</Filter>
    </ClCompile>
    <ClCompile Include="transfer\UUIDTransfer.cpp">
      <Filter>transfer</Filter>
    </ClCompile>
    <ClCompile Include="rcedit\RceditTransfer.cpp">
      <Filter>rcedit</Filter>
    </ClCompile>
    <ClCompile Include="rcedit\ResourceUpdater.cpp">
      <Filter>rcedit</Filter>
    </ClCompile>
    <ClCompile Include="transfer\DemoTransfer.cpp">
      <Filter>transfer</Filter>
    </ClCompile>
    <ClCompile Include="transfer\Base64Transfer.cpp">
      <Filter>transfer</Filter>
    </ClCompile>
    <ClCompile Include="transfer\MD5Transfer.cpp">
      <Filter>transfer</Filter>
    </ClCompile>
    <ClCompile Include="transfer\PathTransfer.cpp">
      <Filter>transfer</Filter>
    </ClCompile>
    <ClCompile Include="transfer\InterProcessTransfer.cpp">
      <Filter>transfer</Filter>
    </ClCompile>
    <ClCompile Include="transfer\ProcessTransfer.cpp">
      <Filter>transfer</Filter>
    </ClCompile>
    <ClCompile Include="transfer\RegistryTransfer.cpp">
      <Filter>transfer</Filter>
    </ClCompile>
    <ClCompile Include="rcedit\BinResourceUpdater.cpp">
      <Filter>rcedit</Filter>
    </ClCompile>
  </ItemGroup>
</Project>